
Microsoft Visual Studio Solution File, Format Version 12.00
# Visual Studio Version 17
VisualStudioVersion = 17.0.31903.59
MinimumVisualStudioVersion = 10.0.40219.1
Project("{F2A71F9B-5D33-465A-A702-920D77279786}") = "EventSourcing.UnitTests", "EventSourcing.UnitTests\EventSourcing.UnitTests.fsproj", "{2CA7B3A4-653A-4E54-9890-BD58E046CA0C}"
EndProject
Project("{F2A71F9B-5D33-465A-A702-920D77279786}") = "EventSourcing.Domain", "EventSourcing.Domain\EventSourcing.Domain.fsproj", "{F6888576-9A2E-4D8E-AC60-357E6D84716E}"
EndProject
Project("{F2A71F9B-5D33-465A-A702-920D77279786}") = "EventSourcing.Infrastructure", "EventSourcing.Infrastructure\EventSourcing.Infrastructure.fsproj", "{5F8BBC14-ED71-4446-B80D-5D50362C08D7}"
EndProject
Global
	GlobalSection(SolutionConfigurationPlatforms) = preSolution
		Debug|Any CPU = Debug|Any CPU
		Debug|x64 = Debug|x64
		Debug|x86 = Debug|x86
		Release|Any CPU = Release|Any CPU
		Release|x64 = Release|x64
		Release|x86 = Release|x86
	EndGlobalSection
	GlobalSection(ProjectConfigurationPlatforms) = postSolution
		{2CA7B3A4-653A-4E54-9890-BD58E046CA0C}.Debug|Any CPU.ActiveCfg = Debug|Any CPU
		{2CA7B3A4-653A-4E54-9890-BD58E046CA0C}.Debug|Any CPU.Build.0 = Debug|Any CPU
		{2CA7B3A4-653A-4E54-9890-BD58E046CA0C}.Debug|x64.ActiveCfg = Debug|Any CPU
		{2CA7B3A4-653A-4E54-9890-BD58E046CA0C}.Debug|x64.Build.0 = Debug|Any CPU
		{2CA7B3A4-653A-4E54-9890-BD58E046CA0C}.Debug|x86.ActiveCfg = Debug|Any CPU
		{2CA7B3A4-653A-4E54-9890-BD58E046CA0C}.Debug|x86.Build.0 = Debug|Any CPU
		{2CA7B3A4-653A-4E54-9890-BD58E046CA0C}.Release|Any CPU.ActiveCfg = Release|Any CPU
		{2CA7B3A4-653A-4E54-9890-BD58E046CA0C}.Release|Any CPU.Build.0 = Release|Any CPU
		{2CA7B3A4-653A-4E54-9890-BD58E046CA0C}.Release|x64.ActiveCfg = Release|Any CPU
		{2CA7B3A4-653A-4E54-9890-BD58E046CA0C}.Release|x64.Build.0 = Release|Any CPU
		{2CA7B3A4-653A-4E54-9890-BD58E046CA0C}.Release|x86.ActiveCfg = Release|Any CPU
		{2CA7B3A4-653A-4E54-9890-BD58E046CA0C}.Release|x86.Build.0 = Release|Any CPU
		{F6888576-9A2E-4D8E-AC60-357E6D84716E}.Debug|Any CPU.ActiveCfg = Debug|Any CPU
		{F6888576-9A2E-4D8E-AC60-357E6D84716E}.Debug|Any CPU.Build.0 = Debug|Any CPU
		{F6888576-9A2E-4D8E-AC60-357E6D84716E}.Debug|x64.ActiveCfg = Debug|Any CPU
		{F6888576-9A2E-4D8E-AC60-357E6D84716E}.Debug|x64.Build.0 = Debug|Any CPU
		{F6888576-9A2E-4D8E-AC60-357E6D84716E}.Debug|x86.ActiveCfg = Debug|Any CPU
		{F6888576-9A2E-4D8E-AC60-357E6D84716E}.Debug|x86.Build.0 = Debug|Any CPU
		{F6888576-9A2E-4D8E-AC60-357E6D84716E}.Release|Any CPU.ActiveCfg = Release|Any CPU
		{F6888576-9A2E-4D8E-AC60-357E6D84716E}.Release|Any CPU.Build.0 = Release|Any CPU
		{F6888576-9A2E-4D8E-AC60-357E6D84716E}.Release|x64.ActiveCfg = Release|Any CPU
		{F6888576-9A2E-4D8E-AC60-357E6D84716E}.Release|x64.Build.0 = Release|Any CPU
		{F6888576-9A2E-4D8E-AC60-357E6D84716E}.Release|x86.ActiveCfg = Release|Any CPU
		{F6888576-9A2E-4D8E-AC60-357E6D84716E}.Release|x86.Build.0 = Release|Any CPU
		{5F8BBC14-ED71-4446-B80D-5D50362C08D7}.Debug|Any CPU.ActiveCfg = Debug|Any CPU
		{5F8BBC14-ED71-4446-B80D-5D50362C08D7}.Debug|Any CPU.Build.0 = Debug|Any CPU
		{5F8BBC14-ED71-4446-B80D-5D50362C08D7}.Debug|x64.ActiveCfg = Debug|Any CPU
		{5F8BBC14-ED71-4446-B80D-5D50362C08D7}.Debug|x64.Build.0 = Debug|Any CPU
		{5F8BBC14-ED71-4446-B80D-5D50362C08D7}.Debug|x86.ActiveCfg = Debug|Any CPU
		{5F8BBC14-ED71-4446-B80D-5D50362C08D7}.Debug|x86.Build.0 = Debug|Any CPU
		{5F8BBC14-ED71-4446-B80D-5D50362C08D7}.Release|Any CPU.ActiveCfg = Release|Any CPU
		{5F8BBC14-ED71-4446-B80D-5D50362C08D7}.Release|Any CPU.Build.0 = Release|Any CPU
		{5F8BBC14-ED71-4446-B80D-5D50362C08D7}.Release|x64.ActiveCfg = Release|Any CPU
		{5F8BBC14-ED71-4446-B80D-5D50362C08D7}.Release|x64.Build.0 = Release|Any CPU
		{5F8BBC14-ED71-4446-B80D-5D50362C08D7}.Release|x86.ActiveCfg = Release|Any CPU
		{5F8BBC14-ED71-4446-B80D-5D50362C08D7}.Release|x86.Build.0 = Release|Any CPU
	EndGlobalSection
	GlobalSection(SolutionProperties) = preSolution
		HideSolutionNode = FALSE
	EndGlobalSection
EndGlobal
