Microsoft Visual Studio Solution File, Format Version 12.00
# Visual Studio Version 17
VisualStudioVersion = 17.10.34607.79
MinimumVisualStudioVersion = 10.0.40219.1
Project("{FAE04EC0-301F-11D3-BF4B-00C04F79EFBC}") = "AspireAppExperiment.AppHost", "AspireAppExperiment.AppHost\AspireAppExperiment.AppHost.csproj", "{BFD7526D-44BD-4633-941B-4A309BAFB6F0}"
EndProject
Project("{9A19103F-16F7-4668-BE54-9A1E7A4F7556}") = "AspireAppExperiment.ServiceDefaults", "AspireAppExperiment.ServiceDefaults\AspireAppExperiment.ServiceDefaults.csproj", "{3CAF73B8-4B17-4B8C-9F48-0AE6969044C0}"
EndProject
Project("{9A19103F-16F7-4668-BE54-9A1E7A4F7556}") = "AspireAppExperiment.ApiService", "AspireAppExperiment.ApiService\AspireAppExperiment.ApiService.csproj", "{4DC9D9FD-6225-4651-AC13-0E25A8C4E3DA}"
EndProject
Project("{9A19103F-16F7-4668-BE54-9A1E7A4F7556}") = "AspireAppExperiment.Web", "AspireAppExperiment.Web\AspireAppExperiment.Web.csproj", "{F00DC225-DF9E-47E9-A1EF-38E7AB5334CD}"
EndProject
Global
	GlobalSection(SolutionConfigurationPlatforms) = preSolution
		Debug|Any CPU = Debug|Any CPU
		Release|Any CPU = Release|Any CPU
	EndGlobalSection
	GlobalSection(ProjectConfigurationPlatforms) = postSolution
		{BFD7526D-44BD-4633-941B-4A309BAFB6F0}.Debug|Any CPU.ActiveCfg = Debug|Any CPU
		{BFD7526D-44BD-4633-941B-4A309BAFB6F0}.Debug|Any CPU.Build.0 = Debug|Any CPU
		{BFD7526D-44BD-4633-941B-4A309BAFB6F0}.Release|Any CPU.ActiveCfg = Release|Any CPU
		{BFD7526D-44BD-4633-941B-4A309BAFB6F0}.Release|Any CPU.Build.0 = Release|Any CPU
		{3CAF73B8-4B17-4B8C-9F48-0AE6969044C0}.Debug|Any CPU.ActiveCfg = Debug|Any CPU
		{3CAF73B8-4B17-4B8C-9F48-0AE6969044C0}.Debug|Any CPU.Build.0 = Debug|Any CPU
		{3CAF73B8-4B17-4B8C-9F48-0AE6969044C0}.Release|Any CPU.ActiveCfg = Release|Any CPU
		{3CAF73B8-4B17-4B8C-9F48-0AE6969044C0}.Release|Any CPU.Build.0 = Release|Any CPU
		{4DC9D9FD-6225-4651-AC13-0E25A8C4E3DA}.Debug|Any CPU.ActiveCfg = Debug|Any CPU
		{4DC9D9FD-6225-4651-AC13-0E25A8C4E3DA}.Debug|Any CPU.Build.0 = Debug|Any CPU
		{4DC9D9FD-6225-4651-AC13-0E25A8C4E3DA}.Release|Any CPU.ActiveCfg = Release|Any CPU
		{4DC9D9FD-6225-4651-AC13-0E25A8C4E3DA}.Release|Any CPU.Build.0 = Release|Any CPU
		{F00DC225-DF9E-47E9-A1EF-38E7AB5334CD}.Debug|Any CPU.ActiveCfg = Debug|Any CPU
		{F00DC225-DF9E-47E9-A1EF-38E7AB5334CD}.Debug|Any CPU.Build.0 = Debug|Any CPU
		{F00DC225-DF9E-47E9-A1EF-38E7AB5334CD}.Release|Any CPU.ActiveCfg = Release|Any CPU
		{F00DC225-DF9E-47E9-A1EF-38E7AB5334CD}.Release|Any CPU.Build.0 = Release|Any CPU
	EndGlobalSection
	GlobalSection(SolutionProperties) = preSolution
		HideSolutionNode = FALSE
	EndGlobalSection
	GlobalSection(ExtensibilityGlobals) = postSolution
		SolutionGuid = {5D7E3768-C798-492D-B11F-0E935D02340D}
	EndGlobalSection
EndGlobal
