
Microsoft Visual Studio Solution File, Format Version 12.00
Project("{FAE04EC0-301F-11D3-BF4B-00C04F79EFBC}") = "AppHost", "src\AppHost\AppHost.csproj", "{C3BF3AF2-0F67-49DF-AAF0-D415B0AD6C78}"
EndProject
Project("{FAE04EC0-301F-11D3-BF4B-00C04F79EFBC}") = "ServiceDefaults", "src\ServiceDefaults\ServiceDefaults.csproj", "{C12C8190-170E-4FF0-9BE4-15F16CE016AE}"
EndProject
Project("{FAE04EC0-301F-11D3-BF4B-00C04F79EFBC}") = "Consumer", "src\Consumer\Consumer.csproj", "{03CBCF1A-BCFA-41F9-A861-84A8DFD2507F}"
EndProject
Project("{FAE04EC0-301F-11D3-BF4B-00C04F79EFBC}") = "MigrationService", "src\MigrationService\MigrationService.csproj", "{4E52BAD3-2F03-4B64-B097-360D87808EBA}"
EndProject
Project("{FAE04EC0-301F-11D3-BF4B-00C04F79EFBC}") = "WebApi", "src\WebApi\WebApi.csproj", "{1732CA0D-A333-485F-93D7-FDA883E73E66}"
EndProject
Project("{FAE04EC0-301F-11D3-BF4B-00C04F79EFBC}") = "WebApi.UnitTests", "test\WebApi.UnitTests\WebApi.UnitTests.csproj", "{C2E03E7C-A335-4FC7-9CE2-92BD3DA21507}"
EndProject
Project("{FAE04EC0-301F-11D3-BF4B-00C04F79EFBC}") = "AppHost.IntegrationTests", "test\AppHost.IntegrationTests\AppHost.IntegrationTests.csproj", "{EDB5E25F-866B-4DF7-9438-804A32712C72}"
EndProject
Project("{2150E333-8FDC-42A3-9474-1A3956D46DE8}") = "tools", "tools", "{6A7D9031-A515-4C98-B0B1-C0DC8F95CF6C}"
EndProject
Project("{2150E333-8FDC-42A3-9474-1A3956D46DE8}") = "src", "src", "{4B207CF0-EC5A-4092-8880-6BBB12B09412}"
EndProject
Project("{2150E333-8FDC-42A3-9474-1A3956D46DE8}") = "test", "test", "{87B6281A-1069-43C7-8484-9AE8D846F51C}"
EndProject
Project("{FAE04EC0-301F-11D3-BF4B-00C04F79EFBC}") = "ConsoleApp1", "tools\ConsoleApp1\ConsoleApp1.csproj", "{D670DFCA-B438-4491-8045-5B1995C3C857}"
EndProject
Global
	GlobalSection(SolutionConfigurationPlatforms) = preSolution
		Debug|Any CPU = Debug|Any CPU
		Release|Any CPU = Release|Any CPU
	EndGlobalSection
	GlobalSection(ProjectConfigurationPlatforms) = postSolution
		{1D8EFE29-49C8-4990-9E51-E478A39EF9FF}.Debug|Any CPU.ActiveCfg = Debug|Any CPU
		{1D8EFE29-49C8-4990-9E51-E478A39EF9FF}.Debug|Any CPU.Build.0 = Debug|Any CPU
		{1D8EFE29-49C8-4990-9E51-E478A39EF9FF}.Release|Any CPU.ActiveCfg = Release|Any CPU
		{1D8EFE29-49C8-4990-9E51-E478A39EF9FF}.Release|Any CPU.Build.0 = Release|Any CPU
		{C3BF3AF2-0F67-49DF-AAF0-D415B0AD6C78}.Debug|Any CPU.ActiveCfg = Debug|Any CPU
		{C3BF3AF2-0F67-49DF-AAF0-D415B0AD6C78}.Debug|Any CPU.Build.0 = Debug|Any CPU
		{C3BF3AF2-0F67-49DF-AAF0-D415B0AD6C78}.Release|Any CPU.ActiveCfg = Release|Any CPU
		{C3BF3AF2-0F67-49DF-AAF0-D415B0AD6C78}.Release|Any CPU.Build.0 = Release|Any CPU
		{C12C8190-170E-4FF0-9BE4-15F16CE016AE}.Debug|Any CPU.ActiveCfg = Debug|Any CPU
		{C12C8190-170E-4FF0-9BE4-15F16CE016AE}.Debug|Any CPU.Build.0 = Debug|Any CPU
		{C12C8190-170E-4FF0-9BE4-15F16CE016AE}.Release|Any CPU.ActiveCfg = Release|Any CPU
		{C12C8190-170E-4FF0-9BE4-15F16CE016AE}.Release|Any CPU.Build.0 = Release|Any CPU
		{03CBCF1A-BCFA-41F9-A861-84A8DFD2507F}.Debug|Any CPU.ActiveCfg = Debug|Any CPU
		{03CBCF1A-BCFA-41F9-A861-84A8DFD2507F}.Debug|Any CPU.Build.0 = Debug|Any CPU
		{03CBCF1A-BCFA-41F9-A861-84A8DFD2507F}.Release|Any CPU.ActiveCfg = Release|Any CPU
		{03CBCF1A-BCFA-41F9-A861-84A8DFD2507F}.Release|Any CPU.Build.0 = Release|Any CPU
		{4E52BAD3-2F03-4B64-B097-360D87808EBA}.Debug|Any CPU.ActiveCfg = Debug|Any CPU
		{4E52BAD3-2F03-4B64-B097-360D87808EBA}.Debug|Any CPU.Build.0 = Debug|Any CPU
		{4E52BAD3-2F03-4B64-B097-360D87808EBA}.Release|Any CPU.ActiveCfg = Release|Any CPU
		{4E52BAD3-2F03-4B64-B097-360D87808EBA}.Release|Any CPU.Build.0 = Release|Any CPU
		{1732CA0D-A333-485F-93D7-FDA883E73E66}.Debug|Any CPU.ActiveCfg = Debug|Any CPU
		{1732CA0D-A333-485F-93D7-FDA883E73E66}.Debug|Any CPU.Build.0 = Debug|Any CPU
		{1732CA0D-A333-485F-93D7-FDA883E73E66}.Release|Any CPU.ActiveCfg = Release|Any CPU
		{1732CA0D-A333-485F-93D7-FDA883E73E66}.Release|Any CPU.Build.0 = Release|Any CPU
		{C2E03E7C-A335-4FC7-9CE2-92BD3DA21507}.Debug|Any CPU.ActiveCfg = Debug|Any CPU
		{C2E03E7C-A335-4FC7-9CE2-92BD3DA21507}.Debug|Any CPU.Build.0 = Debug|Any CPU
		{C2E03E7C-A335-4FC7-9CE2-92BD3DA21507}.Release|Any CPU.ActiveCfg = Release|Any CPU
		{C2E03E7C-A335-4FC7-9CE2-92BD3DA21507}.Release|Any CPU.Build.0 = Release|Any CPU
		{EDB5E25F-866B-4DF7-9438-804A32712C72}.Debug|Any CPU.ActiveCfg = Debug|Any CPU
		{EDB5E25F-866B-4DF7-9438-804A32712C72}.Debug|Any CPU.Build.0 = Debug|Any CPU
		{EDB5E25F-866B-4DF7-9438-804A32712C72}.Release|Any CPU.ActiveCfg = Release|Any CPU
		{EDB5E25F-866B-4DF7-9438-804A32712C72}.Release|Any CPU.Build.0 = Release|Any CPU
		{D670DFCA-B438-4491-8045-5B1995C3C857}.Debug|Any CPU.ActiveCfg = Debug|Any CPU
		{D670DFCA-B438-4491-8045-5B1995C3C857}.Debug|Any CPU.Build.0 = Debug|Any CPU
		{D670DFCA-B438-4491-8045-5B1995C3C857}.Release|Any CPU.ActiveCfg = Release|Any CPU
		{D670DFCA-B438-4491-8045-5B1995C3C857}.Release|Any CPU.Build.0 = Release|Any CPU
	EndGlobalSection
	GlobalSection(NestedProjects) = preSolution
		{1732CA0D-A333-485F-93D7-FDA883E73E66} = {4B207CF0-EC5A-4092-8880-6BBB12B09412}
		{C3BF3AF2-0F67-49DF-AAF0-D415B0AD6C78} = {4B207CF0-EC5A-4092-8880-6BBB12B09412}
		{03CBCF1A-BCFA-41F9-A861-84A8DFD2507F} = {4B207CF0-EC5A-4092-8880-6BBB12B09412}
		{4E52BAD3-2F03-4B64-B097-360D87808EBA} = {4B207CF0-EC5A-4092-8880-6BBB12B09412}
		{C12C8190-170E-4FF0-9BE4-15F16CE016AE} = {4B207CF0-EC5A-4092-8880-6BBB12B09412}
		{EDB5E25F-866B-4DF7-9438-804A32712C72} = {87B6281A-1069-43C7-8484-9AE8D846F51C}
		{C2E03E7C-A335-4FC7-9CE2-92BD3DA21507} = {87B6281A-1069-43C7-8484-9AE8D846F51C}
		{D670DFCA-B438-4491-8045-5B1995C3C857} = {6A7D9031-A515-4C98-B0B1-C0DC8F95CF6C}
	EndGlobalSection
EndGlobal
