
Microsoft Visual Studio Solution File, Format Version 12.00
# Visual Studio Version 17
VisualStudioVersion = 17.10.34902.84
MinimumVisualStudioVersion = 10.0.40219.1
Project("{6EC3EE1D-3C4E-46DD-8F32-0CC8E7565705}") = "catdance", "src\catdance.fsproj", "{4C2A53BC-8EDF-4A65-B3B1-AD1DE70C612C}"
EndProject
Global
	GlobalSection(SolutionConfigurationPlatforms) = preSolution
		Debug|Any CPU = Debug|Any CPU
		Release|Any CPU = Release|Any CPU
	EndGlobalSection
	GlobalSection(ProjectConfigurationPlatforms) = postSolution
		{4C2A53BC-8EDF-4A65-B3B1-AD1DE70C612C}.Debug|Any CPU.ActiveCfg = Debug|Any CPU
		{4C2A53BC-8EDF-4A65-B3B1-AD1DE70C612C}.Debug|Any CPU.Build.0 = Debug|Any CPU
		{4C2A53BC-8EDF-4A65-B3B1-AD1DE70C612C}.Release|Any CPU.ActiveCfg = Release|Any CPU
		{4C2A53BC-8EDF-4A65-B3B1-AD1DE70C612C}.Release|Any CPU.Build.0 = Release|Any CPU
	EndGlobalSection
	GlobalSection(SolutionProperties) = preSolution
		HideSolutionNode = FALSE
	EndGlobalSection
	GlobalSection(ExtensibilityGlobals) = postSolution
		SolutionGuid = {574103BD-0905-4EDA-AC09-B980D2F7FFFC}
	EndGlobalSection
EndGlobal
