
Microsoft Visual Studio Solution File, Format Version 12.00
# Visual Studio Version 17
VisualStudioVersion = 17.8.34525.116
MinimumVisualStudioVersion = 10.0.40219.1
Project("{6EC3EE1D-3C4E-46DD-8F32-0CC8E7565705}") = "RopFSharp", "RopFSharp\RopFSharp.fsproj", "{39EDEA71-53C7-4715-9C2B-B0EF42BC307A}"
EndProject
Project("{6EC3EE1D-3C4E-46DD-8F32-0CC8E7565705}") = "RopFSharp.Tests", "RopFSharp.Tests\RopFSharp.Tests.fsproj", "{D7C975C6-5891-4D23-84FC-457C786DD4E4}"
EndProject
Global
	GlobalSection(SolutionConfigurationPlatforms) = preSolution
		Debug|Any CPU = Debug|Any CPU
		Release|Any CPU = Release|Any CPU
	EndGlobalSection
	GlobalSection(ProjectConfigurationPlatforms) = postSolution
		{39EDEA71-53C7-4715-9C2B-B0EF42BC307A}.Debug|Any CPU.ActiveCfg = Debug|Any CPU
		{39EDEA71-53C7-4715-9C2B-B0EF42BC307A}.Debug|Any CPU.Build.0 = Debug|Any CPU
		{39EDEA71-53C7-4715-9C2B-B0EF42BC307A}.Release|Any CPU.ActiveCfg = Release|Any CPU
		{39EDEA71-53C7-4715-9C2B-B0EF42BC307A}.Release|Any CPU.Build.0 = Release|Any CPU
		{D7C975C6-5891-4D23-84FC-457C786DD4E4}.Debug|Any CPU.ActiveCfg = Debug|Any CPU
		{D7C975C6-5891-4D23-84FC-457C786DD4E4}.Debug|Any CPU.Build.0 = Debug|Any CPU
		{D7C975C6-5891-4D23-84FC-457C786DD4E4}.Release|Any CPU.ActiveCfg = Release|Any CPU
		{D7C975C6-5891-4D23-84FC-457C786DD4E4}.Release|Any CPU.Build.0 = Release|Any CPU
	EndGlobalSection
	GlobalSection(SolutionProperties) = preSolution
		HideSolutionNode = FALSE
	EndGlobalSection
	GlobalSection(ExtensibilityGlobals) = postSolution
		SolutionGuid = {DD29FF9A-61BB-4925-A0EA-129FB9355380}
	EndGlobalSection
EndGlobal
