
Microsoft Visual Studio Solution File, Format Version 12.00
# Visual Studio Version 17
VisualStudioVersion = 17.0.31903.59
MinimumVisualStudioVersion = 10.0.40219.1
Project("{9A19103F-16F7-4668-BE54-9A1E7A4F7556}") = "Common.Extensions", "..\Common\Common.Extensions\Common.Extensions.csproj", "{4B0E0B2C-49F2-40A2-A57E-24C908F608AA}"
EndProject
Project("{2150E333-8FDC-42A3-9474-1A3956D46DE8}") = ".props", ".props", "{7924F1CF-AE04-48B6-BDE9-6C6683558943}"
	ProjectSection(SolutionItems) = preProject
		..\Directory.Build.props = ..\Directory.Build.props
		..\Directory.Packages.props = ..\Directory.Packages.props
	EndProjectSection
EndProject
Project("{2150E333-8FDC-42A3-9474-1A3956D46DE8}") = "src", "src", "{5B49B4B7-83BF-4AA2-8687-85122C73EC14}"
EndProject
Project("{9A19103F-16F7-4668-BE54-9A1E7A4F7556}") = "Books.API", "src\Books.API\Books.API.csproj", "{C061325A-BD57-4196-9405-6D25953A8238}"
EndProject
Project("{9A19103F-16F7-4668-BE54-9A1E7A4F7556}") = "Books.API.IntegrationTests", "tests\Books.API.IntegrationTests\Books.API.IntegrationTests.csproj", "{A139CD73-2BF1-4BD0-B51E-C88AA38420F8}"
EndProject
Project("{9A19103F-16F7-4668-BE54-9A1E7A4F7556}") = "Common.TestFramework", "..\Common\Common.TestFramework\Common.TestFramework.csproj", "{C14C8BF2-215D-4B80-92A5-9CCC658118F2}"
EndProject
Project("{2150E333-8FDC-42A3-9474-1A3956D46DE8}") = "tests", "tests", "{D527F215-E10F-484B-A058-DE82DAB4C0DD}"
EndProject
Project("{2150E333-8FDC-42A3-9474-1A3956D46DE8}") = "Books", "Books", "{2BFF5333-E119-4B5F-B3E5-860850250D5F}"
EndProject
Project("{2150E333-8FDC-42A3-9474-1A3956D46DE8}") = "IntegrationTests", "IntegrationTests", "{6626239C-1DD4-42DD-BA8E-FD4A6E6DDBBB}"
EndProject
Project("{2150E333-8FDC-42A3-9474-1A3956D46DE8}") = "UnitTests", "UnitTests", "{E6B14F5A-160F-4A90-822F-D2639E74B7AD}"
EndProject
Project("{FAE04EC0-301F-11D3-BF4B-00C04F79EFBC}") = "Books.UnitTests", "tests\Books.UnitTests\Books.UnitTests.csproj", "{E2BF1A00-5085-4AE9-9F77-0EE2BF63AC4E}"
EndProject
Project("{FAE04EC0-301F-11D3-BF4B-00C04F79EFBC}") = "Books.Application", "src\Books.Application\Books.Application.csproj", "{E50C3BE6-4EBC-4072-9599-F514D76A72DA}"
EndProject
Global
	GlobalSection(SolutionConfigurationPlatforms) = preSolution
		Debug|Any CPU = Debug|Any CPU
		Release|Any CPU = Release|Any CPU
	EndGlobalSection
	GlobalSection(ProjectConfigurationPlatforms) = postSolution
		{4B0E0B2C-49F2-40A2-A57E-24C908F608AA}.Debug|Any CPU.ActiveCfg = Debug|Any CPU
		{4B0E0B2C-49F2-40A2-A57E-24C908F608AA}.Debug|Any CPU.Build.0 = Debug|Any CPU
		{4B0E0B2C-49F2-40A2-A57E-24C908F608AA}.Release|Any CPU.ActiveCfg = Release|Any CPU
		{4B0E0B2C-49F2-40A2-A57E-24C908F608AA}.Release|Any CPU.Build.0 = Release|Any CPU
		{C061325A-BD57-4196-9405-6D25953A8238}.Debug|Any CPU.ActiveCfg = Debug|Any CPU
		{C061325A-BD57-4196-9405-6D25953A8238}.Debug|Any CPU.Build.0 = Debug|Any CPU
		{C061325A-BD57-4196-9405-6D25953A8238}.Release|Any CPU.ActiveCfg = Release|Any CPU
		{C061325A-BD57-4196-9405-6D25953A8238}.Release|Any CPU.Build.0 = Release|Any CPU
		{A139CD73-2BF1-4BD0-B51E-C88AA38420F8}.Debug|Any CPU.ActiveCfg = Debug|Any CPU
		{A139CD73-2BF1-4BD0-B51E-C88AA38420F8}.Debug|Any CPU.Build.0 = Debug|Any CPU
		{A139CD73-2BF1-4BD0-B51E-C88AA38420F8}.Release|Any CPU.ActiveCfg = Release|Any CPU
		{A139CD73-2BF1-4BD0-B51E-C88AA38420F8}.Release|Any CPU.Build.0 = Release|Any CPU
		{C14C8BF2-215D-4B80-92A5-9CCC658118F2}.Debug|Any CPU.ActiveCfg = Debug|Any CPU
		{C14C8BF2-215D-4B80-92A5-9CCC658118F2}.Debug|Any CPU.Build.0 = Debug|Any CPU
		{C14C8BF2-215D-4B80-92A5-9CCC658118F2}.Release|Any CPU.ActiveCfg = Release|Any CPU
		{C14C8BF2-215D-4B80-92A5-9CCC658118F2}.Release|Any CPU.Build.0 = Release|Any CPU
		{E2BF1A00-5085-4AE9-9F77-0EE2BF63AC4E}.Debug|Any CPU.ActiveCfg = Debug|Any CPU
		{E2BF1A00-5085-4AE9-9F77-0EE2BF63AC4E}.Debug|Any CPU.Build.0 = Debug|Any CPU
		{E2BF1A00-5085-4AE9-9F77-0EE2BF63AC4E}.Release|Any CPU.ActiveCfg = Release|Any CPU
		{E2BF1A00-5085-4AE9-9F77-0EE2BF63AC4E}.Release|Any CPU.Build.0 = Release|Any CPU
		{E50C3BE6-4EBC-4072-9599-F514D76A72DA}.Debug|Any CPU.ActiveCfg = Debug|Any CPU
		{E50C3BE6-4EBC-4072-9599-F514D76A72DA}.Debug|Any CPU.Build.0 = Debug|Any CPU
		{E50C3BE6-4EBC-4072-9599-F514D76A72DA}.Release|Any CPU.ActiveCfg = Release|Any CPU
		{E50C3BE6-4EBC-4072-9599-F514D76A72DA}.Release|Any CPU.Build.0 = Release|Any CPU
	EndGlobalSection
	GlobalSection(SolutionProperties) = preSolution
		HideSolutionNode = FALSE
	EndGlobalSection
	GlobalSection(NestedProjects) = preSolution
		{4B0E0B2C-49F2-40A2-A57E-24C908F608AA} = {5B49B4B7-83BF-4AA2-8687-85122C73EC14}
		{C061325A-BD57-4196-9405-6D25953A8238} = {2BFF5333-E119-4B5F-B3E5-860850250D5F}
		{A139CD73-2BF1-4BD0-B51E-C88AA38420F8} = {6626239C-1DD4-42DD-BA8E-FD4A6E6DDBBB}
		{C14C8BF2-215D-4B80-92A5-9CCC658118F2} = {D527F215-E10F-484B-A058-DE82DAB4C0DD}
		{2BFF5333-E119-4B5F-B3E5-860850250D5F} = {5B49B4B7-83BF-4AA2-8687-85122C73EC14}
		{6626239C-1DD4-42DD-BA8E-FD4A6E6DDBBB} = {D527F215-E10F-484B-A058-DE82DAB4C0DD}
		{E6B14F5A-160F-4A90-822F-D2639E74B7AD} = {D527F215-E10F-484B-A058-DE82DAB4C0DD}
		{E2BF1A00-5085-4AE9-9F77-0EE2BF63AC4E} = {E6B14F5A-160F-4A90-822F-D2639E74B7AD}
		{E50C3BE6-4EBC-4072-9599-F514D76A72DA} = {2BFF5333-E119-4B5F-B3E5-860850250D5F}
	EndGlobalSection
	GlobalSection(ExtensibilityGlobals) = postSolution
		SolutionGuid = {1B3DEC76-C2F1-4B24-A264-A199FFF4D632}
	EndGlobalSection
EndGlobal
