
Microsoft Visual Studio Solution File, Format Version 12.00
# Visual Studio Version 17
VisualStudioVersion = 17.0.31903.59
MinimumVisualStudioVersion = 10.0.40219.1
Project("{FAE04EC0-301F-11D3-BF4B-00C04F79EFBC}") = "CorrectCapitalization.Tests", "CorrectCapitalization.Tests\CorrectCapitalization.Tests.csproj", "{36659D15-681C-46B3-8123-D603FF92184E}"
EndProject
Global
	GlobalSection(SolutionConfigurationPlatforms) = preSolution
		Debug|Any CPU = Debug|Any CPU
		Release|Any CPU = Release|Any CPU
	EndGlobalSection
	GlobalSection(SolutionProperties) = preSolution
		HideSolutionNode = FALSE
	EndGlobalSection
	GlobalSection(ProjectConfigurationPlatforms) = postSolution
		{36659D15-681C-46B3-8123-D603FF92184E}.Debug|Any CPU.ActiveCfg = Debug|Any CPU
		{36659D15-681C-46B3-8123-D603FF92184E}.Debug|Any CPU.Build.0 = Debug|Any CPU
		{36659D15-681C-46B3-8123-D603FF92184E}.Release|Any CPU.ActiveCfg = Release|Any CPU
		{36659D15-681C-46B3-8123-D603FF92184E}.Release|Any CPU.Build.0 = Release|Any CPU
	EndGlobalSection
EndGlobal
