
Microsoft Visual Studio Solution File, Format Version 12.00
# Visual Studio Version 17
VisualStudioVersion = 17.0.31903.59
MinimumVisualStudioVersion = 10.0.40219.1
Project("{FAE04EC0-301F-11D3-BF4B-00C04F79EFBC}") = "Benchmarks.CountOccurencesInString", "Benchmarks.CountOccurencesInString\Benchmarks.CountOccurencesInString.csproj", "{2549BD5C-A98C-449F-94EC-D7F9066F4637}"
EndProject
Project("{FAE04EC0-301F-11D3-BF4B-00C04F79EFBC}") = "Benchmarks.ForEachLoops", "Benchmarks.ForEachLoops\Benchmarks.ForEachLoops.csproj", "{9BBE884D-3EBA-45AE-9832-37E0DD83D097}"
EndProject
Global
	GlobalSection(SolutionConfigurationPlatforms) = preSolution
		Debug|Any CPU = Debug|Any CPU
		Release|Any CPU = Release|Any CPU
	EndGlobalSection
	GlobalSection(SolutionProperties) = preSolution
		HideSolutionNode = FALSE
	EndGlobalSection
	GlobalSection(ProjectConfigurationPlatforms) = postSolution
		{2549BD5C-A98C-449F-94EC-D7F9066F4637}.Debug|Any CPU.ActiveCfg = Debug|Any CPU
		{2549BD5C-A98C-449F-94EC-D7F9066F4637}.Debug|Any CPU.Build.0 = Debug|Any CPU
		{2549BD5C-A98C-449F-94EC-D7F9066F4637}.Release|Any CPU.ActiveCfg = Release|Any CPU
		{2549BD5C-A98C-449F-94EC-D7F9066F4637}.Release|Any CPU.Build.0 = Release|Any CPU
		{9BBE884D-3EBA-45AE-9832-37E0DD83D097}.Debug|Any CPU.ActiveCfg = Debug|Any CPU
		{9BBE884D-3EBA-45AE-9832-37E0DD83D097}.Debug|Any CPU.Build.0 = Debug|Any CPU
		{9BBE884D-3EBA-45AE-9832-37E0DD83D097}.Release|Any CPU.ActiveCfg = Release|Any CPU
		{9BBE884D-3EBA-45AE-9832-37E0DD83D097}.Release|Any CPU.Build.0 = Release|Any CPU
	EndGlobalSection
EndGlobal
